
Microsoft Visual Studio Solution File, Format Version 12.00
# Visual Studio Version 16
VisualStudioVersion = 16.6.30114.105
MinimumVisualStudioVersion = 10.0.40219.1
Project("{FAE04EC0-301F-11D3-BF4B-00C04F79EFBC}") = "ProEventos.Application", "ProEventos.Application\ProEventos.Application.csproj", "{4295BEB1-505E-44DB-9A33-8C646EDF58EE}"
EndProject
Project("{FAE04EC0-301F-11D3-BF4B-00C04F79EFBC}") = "ProEventos.Domain", "ProEventos.Domain\ProEventos.Domain.csproj", "{578F1A17-BB8D-4CEA-A454-D62E62A42900}"
EndProject
Project("{FAE04EC0-301F-11D3-BF4B-00C04F79EFBC}") = "ProEventos.Persistence", "ProEventos.Persistence\ProEventos.Persistence.csproj", "{A18DEC4A-DC1B-48F1-B17B-F7BAAC853773}"
EndProject
Global
	GlobalSection(SolutionConfigurationPlatforms) = preSolution
		Debug|Any CPU = Debug|Any CPU
		Debug|x64 = Debug|x64
		Debug|x86 = Debug|x86
		Release|Any CPU = Release|Any CPU
		Release|x64 = Release|x64
		Release|x86 = Release|x86
	EndGlobalSection
	GlobalSection(SolutionProperties) = preSolution
		HideSolutionNode = FALSE
	EndGlobalSection
	GlobalSection(ProjectConfigurationPlatforms) = postSolution
		{4295BEB1-505E-44DB-9A33-8C646EDF58EE}.Debug|Any CPU.ActiveCfg = Debug|Any CPU
		{4295BEB1-505E-44DB-9A33-8C646EDF58EE}.Debug|Any CPU.Build.0 = Debug|Any CPU
		{4295BEB1-505E-44DB-9A33-8C646EDF58EE}.Debug|x64.ActiveCfg = Debug|Any CPU
		{4295BEB1-505E-44DB-9A33-8C646EDF58EE}.Debug|x64.Build.0 = Debug|Any CPU
		{4295BEB1-505E-44DB-9A33-8C646EDF58EE}.Debug|x86.ActiveCfg = Debug|Any CPU
		{4295BEB1-505E-44DB-9A33-8C646EDF58EE}.Debug|x86.Build.0 = Debug|Any CPU
		{4295BEB1-505E-44DB-9A33-8C646EDF58EE}.Release|Any CPU.ActiveCfg = Release|Any CPU
		{4295BEB1-505E-44DB-9A33-8C646EDF58EE}.Release|Any CPU.Build.0 = Release|Any CPU
		{4295BEB1-505E-44DB-9A33-8C646EDF58EE}.Release|x64.ActiveCfg = Release|Any CPU
		{4295BEB1-505E-44DB-9A33-8C646EDF58EE}.Release|x64.Build.0 = Release|Any CPU
		{4295BEB1-505E-44DB-9A33-8C646EDF58EE}.Release|x86.ActiveCfg = Release|Any CPU
		{4295BEB1-505E-44DB-9A33-8C646EDF58EE}.Release|x86.Build.0 = Release|Any CPU
		{578F1A17-BB8D-4CEA-A454-D62E62A42900}.Debug|Any CPU.ActiveCfg = Debug|Any CPU
		{578F1A17-BB8D-4CEA-A454-D62E62A42900}.Debug|Any CPU.Build.0 = Debug|Any CPU
		{578F1A17-BB8D-4CEA-A454-D62E62A42900}.Debug|x64.ActiveCfg = Debug|Any CPU
		{578F1A17-BB8D-4CEA-A454-D62E62A42900}.Debug|x64.Build.0 = Debug|Any CPU
		{578F1A17-BB8D-4CEA-A454-D62E62A42900}.Debug|x86.ActiveCfg = Debug|Any CPU
		{578F1A17-BB8D-4CEA-A454-D62E62A42900}.Debug|x86.Build.0 = Debug|Any CPU
		{578F1A17-BB8D-4CEA-A454-D62E62A42900}.Release|Any CPU.ActiveCfg = Release|Any CPU
		{578F1A17-BB8D-4CEA-A454-D62E62A42900}.Release|Any CPU.Build.0 = Release|Any CPU
		{578F1A17-BB8D-4CEA-A454-D62E62A42900}.Release|x64.ActiveCfg = Release|Any CPU
		{578F1A17-BB8D-4CEA-A454-D62E62A42900}.Release|x64.Build.0 = Release|Any CPU
		{578F1A17-BB8D-4CEA-A454-D62E62A42900}.Release|x86.ActiveCfg = Release|Any CPU
		{578F1A17-BB8D-4CEA-A454-D62E62A42900}.Release|x86.Build.0 = Release|Any CPU
		{A18DEC4A-DC1B-48F1-B17B-F7BAAC853773}.Debug|Any CPU.ActiveCfg = Debug|Any CPU
		{A18DEC4A-DC1B-48F1-B17B-F7BAAC853773}.Debug|Any CPU.Build.0 = Debug|Any CPU
		{A18DEC4A-DC1B-48F1-B17B-F7BAAC853773}.Debug|x64.ActiveCfg = Debug|Any CPU
		{A18DEC4A-DC1B-48F1-B17B-F7BAAC853773}.Debug|x64.Build.0 = Debug|Any CPU
		{A18DEC4A-DC1B-48F1-B17B-F7BAAC853773}.Debug|x86.ActiveCfg = Debug|Any CPU
		{A18DEC4A-DC1B-48F1-B17B-F7BAAC853773}.Debug|x86.Build.0 = Debug|Any CPU
		{A18DEC4A-DC1B-48F1-B17B-F7BAAC853773}.Release|Any CPU.ActiveCfg = Release|Any CPU
		{A18DEC4A-DC1B-48F1-B17B-F7BAAC853773}.Release|Any CPU.Build.0 = Release|Any CPU
		{A18DEC4A-DC1B-48F1-B17B-F7BAAC853773}.Release|x64.ActiveCfg = Release|Any CPU
		{A18DEC4A-DC1B-48F1-B17B-F7BAAC853773}.Release|x64.Build.0 = Release|Any CPU
		{A18DEC4A-DC1B-48F1-B17B-F7BAAC853773}.Release|x86.ActiveCfg = Release|Any CPU
		{A18DEC4A-DC1B-48F1-B17B-F7BAAC853773}.Release|x86.Build.0 = Release|Any CPU
	EndGlobalSection
EndGlobal
